
Microsoft Visual Studio Solution File, Format Version 12.00
# Visual Studio Version 17
VisualStudioVersion = 17.12.35506.116
MinimumVisualStudioVersion = 10.0.40219.1
Project("{2150E333-8FDC-42A3-9474-1A3956D46DE8}") = "Task0", "Task0", "{0830B151-B9AA-443C-B09C-D4C6B64F93A8}"
EndProject
Project("{FAE04EC0-301F-11D3-BF4B-00C04F79EFBC}") = "Tyuiu.GubanovaSO.Sprint6.Task0.V20.Lib", "Tyuiu.GubanovaSO.Sprint6.Task0.V20.Lib\Tyuiu.GubanovaSO.Sprint6.Task0.V20.Lib.csproj", "{6CBA2672-6BD8-4972-84A8-E24991DC225C}"
EndProject
Project("{FAE04EC0-301F-11D3-BF4B-00C04F79EFBC}") = "Tyuiu.GubanovaSO.Sprint6.Task0.V20.Test", "Tyuiu.GubanovaSO.Sprint6.Task0.V20.Test\Tyuiu.GubanovaSO.Sprint6.Task0.V20.Test.csproj", "{DEBF1AED-3864-4ED4-9799-14E6C3E4F691}"
EndProject
Project("{FAE04EC0-301F-11D3-BF4B-00C04F79EFBC}") = "Tyuiu.GubanovaSO.Sprint6.Task0.V20", "Tyuiu.GubanovaSO.Sprint6.Task0.V20\Tyuiu.GubanovaSO.Sprint6.Task0.V20.csproj", "{3DF73002-DD54-4E02-ACC1-D51231D94607}"
EndProject
Project("{2150E333-8FDC-42A3-9474-1A3956D46DE8}") = "Task1", "Task1", "{92AB7F6C-03D1-43A4-AF85-1352F8210A00}"
EndProject
Project("{FAE04EC0-301F-11D3-BF4B-00C04F79EFBC}") = "Tyuiu.GubanovaSO.Sprint6.Task1.V24.Lib", "Tyuiu.GubanovaSO.Sprint6.Task1.V24.Lib\Tyuiu.GubanovaSO.Sprint6.Task1.V24.Lib.csproj", "{897551A8-23AC-4513-9764-3994DCAF5C8F}"
EndProject
Project("{FAE04EC0-301F-11D3-BF4B-00C04F79EFBC}") = "Tyuiu.GubanovaSO.Sprint6.Task1.V24.Test", "Tyuiu.GubanovaSO.Sprint6.Task1.V24.Test\Tyuiu.GubanovaSO.Sprint6.Task1.V24.Test.csproj", "{2FCD6ECD-EC39-4086-882D-180EC479F9FC}"
EndProject
Project("{FAE04EC0-301F-11D3-BF4B-00C04F79EFBC}") = "Tyuiu.GubanovaSO.Sprint6.Task1.V24", "Tyuiu.GubanovaSO.Sprint6.Task1.V24\Tyuiu.GubanovaSO.Sprint6.Task1.V24.csproj", "{C1F1FA17-7A2E-4D5B-BDAC-489E9FA25491}"
EndProject
Project("{2150E333-8FDC-42A3-9474-1A3956D46DE8}") = "Task2", "Task2", "{0971803D-DF56-4B7E-939F-991899F696A7}"
EndProject
Project("{FAE04EC0-301F-11D3-BF4B-00C04F79EFBC}") = "Tyuiu.GubanovaSO.Sprint6.Task2.V7.Lib", "Tyuiu.GubanovaSO.Sprint6.Task2.V7.Lib\Tyuiu.GubanovaSO.Sprint6.Task2.V7.Lib.csproj", "{62AF1528-75BE-47A5-B306-2D405C2D72FD}"
EndProject
Project("{FAE04EC0-301F-11D3-BF4B-00C04F79EFBC}") = "Tyuiu.GubanovaSO.Sprint6.Task2.V7.Test", "Tyuiu.GubanovaSO.Sprint6.Task2.V7.Test\Tyuiu.GubanovaSO.Sprint6.Task2.V7.Test.csproj", "{CA787105-2590-4CF2-BD3D-1C07FD0CACEF}"
EndProject
Project("{FAE04EC0-301F-11D3-BF4B-00C04F79EFBC}") = "Tyuiu.GubanovaSO.Sprint6.Task2.V7", "Tyuiu.GubanovaSO.Sprint6.Task2.V7\Tyuiu.GubanovaSO.Sprint6.Task2.V7.csproj", "{3625CE18-E137-4131-8D9B-1AAC9600C6C3}"
EndProject
Project("{2150E333-8FDC-42A3-9474-1A3956D46DE8}") = "Task3", "Task3", "{9D6BFCC1-8B3F-4973-99CF-470AEB824390}"
EndProject
Project("{FAE04EC0-301F-11D3-BF4B-00C04F79EFBC}") = "Tyuiu.GubanovaSO.Sprint6.Task3.V4.Lib", "Tyuiu.GubanovaSO.Sprint6.Task3.V4.Lib\Tyuiu.GubanovaSO.Sprint6.Task3.V4.Lib.csproj", "{8942BDD6-7702-406A-B9CE-477A4925FA0F}"
EndProject
Project("{FAE04EC0-301F-11D3-BF4B-00C04F79EFBC}") = "Tyuiu.GubanovaSO.Sprint6.Task3.V4.Test", "Tyuiu.GubanovaSO.Sprint6.Task3.V4.Test\Tyuiu.GubanovaSO.Sprint6.Task3.V4.Test.csproj", "{24F8618B-06FD-445B-95DE-411AFE5003E5}"
EndProject
Project("{FAE04EC0-301F-11D3-BF4B-00C04F79EFBC}") = "Tyuiu.GubanovaSO.Sprint6.Task3.V4", "Tyuiu.GubanovaSO.Sprint6.Task3.V4\Tyuiu.GubanovaSO.Sprint6.Task3.V4.csproj", "{F2D2C65B-B1D4-4947-A807-8C21B92A7330}"
EndProject
Project("{2150E333-8FDC-42A3-9474-1A3956D46DE8}") = "Task4", "Task4", "{C1E1F227-92D2-466C-88DB-ECC1E00BF87C}"
EndProject
Project("{FAE04EC0-301F-11D3-BF4B-00C04F79EFBC}") = "Tyuiu.GubanovaSO.Sprint6.Task4.V23.Lib", "Tyuiu.GubanovaSO.Sprint6.Task4.V23.Lib\Tyuiu.GubanovaSO.Sprint6.Task4.V23.Lib.csproj", "{22D18C28-DA55-4BE6-8D26-7B2D7FC7318A}"
EndProject
Project("{FAE04EC0-301F-11D3-BF4B-00C04F79EFBC}") = "Tyuiu.GubanovaSO.Sprint6.Task4.V23.Test", "Tyuiu.GubanovaSO.Sprint6.Task4.V23.Test\Tyuiu.GubanovaSO.Sprint6.Task4.V23.Test.csproj", "{7C75E014-CEB5-40DE-90D7-642B53DD1134}"
EndProject
Project("{FAE04EC0-301F-11D3-BF4B-00C04F79EFBC}") = "Tyuiu.GubanovaSO.Sprint6.Task4.V23", "Tyuiu.GubanovaSO.Sprint6.Task4.V23\Tyuiu.GubanovaSO.Sprint6.Task4.V23.csproj", "{ECFD040F-2638-4457-A116-8C7F866C7183}"
EndProject
Project("{2150E333-8FDC-42A3-9474-1A3956D46DE8}") = "Task5", "Task5", "{4C21BD96-FFD2-45E1-A85B-24C9F644A615}"
EndProject
Project("{FAE04EC0-301F-11D3-BF4B-00C04F79EFBC}") = "Tyuiu.GubanovaSO.Sprint6.Task5.V17.Lib", "Tyuiu.GubanovaSO.Sprint6.Task5.V17.Lib\Tyuiu.GubanovaSO.Sprint6.Task5.V17.Lib.csproj", "{B456EA9F-70D0-4CCA-986B-F0E970372521}"
EndProject
Project("{FAE04EC0-301F-11D3-BF4B-00C04F79EFBC}") = "Tyuiu.GubanovaSO.Sprint6.Task5.V17.Test", "Tyuiu.GubanovaSO.Sprint6.Task5.V17.Test\Tyuiu.GubanovaSO.Sprint6.Task5.V17.Test.csproj", "{9ECED213-FDB3-4CF7-8AF7-713FCBEA8E37}"
EndProject
Project("{FAE04EC0-301F-11D3-BF4B-00C04F79EFBC}") = "Tyuiu.GubanovaSO.Sprint6.Task5.V17", "Tyuiu.GubanovaSO.Sprint6.Task5.V17\Tyuiu.GubanovaSO.Sprint6.Task5.V17.csproj", "{46B1AC64-B630-4B28-845B-4EA44168B917}"
EndProject
Global
	GlobalSection(SolutionConfigurationPlatforms) = preSolution
		Debug|Any CPU = Debug|Any CPU
		Release|Any CPU = Release|Any CPU
	EndGlobalSection
	GlobalSection(ProjectConfigurationPlatforms) = postSolution
		{6CBA2672-6BD8-4972-84A8-E24991DC225C}.Debug|Any CPU.ActiveCfg = Debug|Any CPU
		{6CBA2672-6BD8-4972-84A8-E24991DC225C}.Debug|Any CPU.Build.0 = Debug|Any CPU
		{6CBA2672-6BD8-4972-84A8-E24991DC225C}.Release|Any CPU.ActiveCfg = Release|Any CPU
		{6CBA2672-6BD8-4972-84A8-E24991DC225C}.Release|Any CPU.Build.0 = Release|Any CPU
		{DEBF1AED-3864-4ED4-9799-14E6C3E4F691}.Debug|Any CPU.ActiveCfg = Debug|Any CPU
		{DEBF1AED-3864-4ED4-9799-14E6C3E4F691}.Debug|Any CPU.Build.0 = Debug|Any CPU
		{DEBF1AED-3864-4ED4-9799-14E6C3E4F691}.Release|Any CPU.ActiveCfg = Release|Any CPU
		{DEBF1AED-3864-4ED4-9799-14E6C3E4F691}.Release|Any CPU.Build.0 = Release|Any CPU
		{3DF73002-DD54-4E02-ACC1-D51231D94607}.Debug|Any CPU.ActiveCfg = Debug|Any CPU
		{3DF73002-DD54-4E02-ACC1-D51231D94607}.Debug|Any CPU.Build.0 = Debug|Any CPU
		{3DF73002-DD54-4E02-ACC1-D51231D94607}.Release|Any CPU.ActiveCfg = Release|Any CPU
		{3DF73002-DD54-4E02-ACC1-D51231D94607}.Release|Any CPU.Build.0 = Release|Any CPU
		{897551A8-23AC-4513-9764-3994DCAF5C8F}.Debug|Any CPU.ActiveCfg = Debug|Any CPU
		{897551A8-23AC-4513-9764-3994DCAF5C8F}.Debug|Any CPU.Build.0 = Debug|Any CPU
		{897551A8-23AC-4513-9764-3994DCAF5C8F}.Release|Any CPU.ActiveCfg = Release|Any CPU
		{897551A8-23AC-4513-9764-3994DCAF5C8F}.Release|Any CPU.Build.0 = Release|Any CPU
		{2FCD6ECD-EC39-4086-882D-180EC479F9FC}.Debug|Any CPU.ActiveCfg = Debug|Any CPU
		{2FCD6ECD-EC39-4086-882D-180EC479F9FC}.Debug|Any CPU.Build.0 = Debug|Any CPU
		{2FCD6ECD-EC39-4086-882D-180EC479F9FC}.Release|Any CPU.ActiveCfg = Release|Any CPU
		{2FCD6ECD-EC39-4086-882D-180EC479F9FC}.Release|Any CPU.Build.0 = Release|Any CPU
		{C1F1FA17-7A2E-4D5B-BDAC-489E9FA25491}.Debug|Any CPU.ActiveCfg = Debug|Any CPU
		{C1F1FA17-7A2E-4D5B-BDAC-489E9FA25491}.Debug|Any CPU.Build.0 = Debug|Any CPU
		{C1F1FA17-7A2E-4D5B-BDAC-489E9FA25491}.Release|Any CPU.ActiveCfg = Release|Any CPU
		{C1F1FA17-7A2E-4D5B-BDAC-489E9FA25491}.Release|Any CPU.Build.0 = Release|Any CPU
		{62AF1528-75BE-47A5-B306-2D405C2D72FD}.Debug|Any CPU.ActiveCfg = Debug|Any CPU
		{62AF1528-75BE-47A5-B306-2D405C2D72FD}.Debug|Any CPU.Build.0 = Debug|Any CPU
		{62AF1528-75BE-47A5-B306-2D405C2D72FD}.Release|Any CPU.ActiveCfg = Release|Any CPU
		{62AF1528-75BE-47A5-B306-2D405C2D72FD}.Release|Any CPU.Build.0 = Release|Any CPU
		{CA787105-2590-4CF2-BD3D-1C07FD0CACEF}.Debug|Any CPU.ActiveCfg = Debug|Any CPU
		{CA787105-2590-4CF2-BD3D-1C07FD0CACEF}.Debug|Any CPU.Build.0 = Debug|Any CPU
		{CA787105-2590-4CF2-BD3D-1C07FD0CACEF}.Release|Any CPU.ActiveCfg = Release|Any CPU
		{CA787105-2590-4CF2-BD3D-1C07FD0CACEF}.Release|Any CPU.Build.0 = Release|Any CPU
		{3625CE18-E137-4131-8D9B-1AAC9600C6C3}.Debug|Any CPU.ActiveCfg = Debug|Any CPU
		{3625CE18-E137-4131-8D9B-1AAC9600C6C3}.Debug|Any CPU.Build.0 = Debug|Any CPU
		{3625CE18-E137-4131-8D9B-1AAC9600C6C3}.Release|Any CPU.ActiveCfg = Release|Any CPU
		{3625CE18-E137-4131-8D9B-1AAC9600C6C3}.Release|Any CPU.Build.0 = Release|Any CPU
		{8942BDD6-7702-406A-B9CE-477A4925FA0F}.Debug|Any CPU.ActiveCfg = Debug|Any CPU
		{8942BDD6-7702-406A-B9CE-477A4925FA0F}.Debug|Any CPU.Build.0 = Debug|Any CPU
		{8942BDD6-7702-406A-B9CE-477A4925FA0F}.Release|Any CPU.ActiveCfg = Release|Any CPU
		{8942BDD6-7702-406A-B9CE-477A4925FA0F}.Release|Any CPU.Build.0 = Release|Any CPU
		{24F8618B-06FD-445B-95DE-411AFE5003E5}.Debug|Any CPU.ActiveCfg = Debug|Any CPU
		{24F8618B-06FD-445B-95DE-411AFE5003E5}.Debug|Any CPU.Build.0 = Debug|Any CPU
		{24F8618B-06FD-445B-95DE-411AFE5003E5}.Release|Any CPU.ActiveCfg = Release|Any CPU
		{24F8618B-06FD-445B-95DE-411AFE5003E5}.Release|Any CPU.Build.0 = Release|Any CPU
		{F2D2C65B-B1D4-4947-A807-8C21B92A7330}.Debug|Any CPU.ActiveCfg = Debug|Any CPU
		{F2D2C65B-B1D4-4947-A807-8C21B92A7330}.Debug|Any CPU.Build.0 = Debug|Any CPU
		{F2D2C65B-B1D4-4947-A807-8C21B92A7330}.Release|Any CPU.ActiveCfg = Release|Any CPU
		{F2D2C65B-B1D4-4947-A807-8C21B92A7330}.Release|Any CPU.Build.0 = Release|Any CPU
		{22D18C28-DA55-4BE6-8D26-7B2D7FC7318A}.Debug|Any CPU.ActiveCfg = Debug|Any CPU
		{22D18C28-DA55-4BE6-8D26-7B2D7FC7318A}.Debug|Any CPU.Build.0 = Debug|Any CPU
		{22D18C28-DA55-4BE6-8D26-7B2D7FC7318A}.Release|Any CPU.ActiveCfg = Release|Any CPU
		{22D18C28-DA55-4BE6-8D26-7B2D7FC7318A}.Release|Any CPU.Build.0 = Release|Any CPU
		{7C75E014-CEB5-40DE-90D7-642B53DD1134}.Debug|Any CPU.ActiveCfg = Debug|Any CPU
		{7C75E014-CEB5-40DE-90D7-642B53DD1134}.Debug|Any CPU.Build.0 = Debug|Any CPU
		{7C75E014-CEB5-40DE-90D7-642B53DD1134}.Release|Any CPU.ActiveCfg = Release|Any CPU
		{7C75E014-CEB5-40DE-90D7-642B53DD1134}.Release|Any CPU.Build.0 = Release|Any CPU
		{ECFD040F-2638-4457-A116-8C7F866C7183}.Debug|Any CPU.ActiveCfg = Debug|Any CPU
		{ECFD040F-2638-4457-A116-8C7F866C7183}.Debug|Any CPU.Build.0 = Debug|Any CPU
		{ECFD040F-2638-4457-A116-8C7F866C7183}.Release|Any CPU.ActiveCfg = Release|Any CPU
		{ECFD040F-2638-4457-A116-8C7F866C7183}.Release|Any CPU.Build.0 = Release|Any CPU
		{B456EA9F-70D0-4CCA-986B-F0E970372521}.Debug|Any CPU.ActiveCfg = Debug|Any CPU
		{B456EA9F-70D0-4CCA-986B-F0E970372521}.Debug|Any CPU.Build.0 = Debug|Any CPU
		{B456EA9F-70D0-4CCA-986B-F0E970372521}.Release|Any CPU.ActiveCfg = Release|Any CPU
		{B456EA9F-70D0-4CCA-986B-F0E970372521}.Release|Any CPU.Build.0 = Release|Any CPU
		{9ECED213-FDB3-4CF7-8AF7-713FCBEA8E37}.Debug|Any CPU.ActiveCfg = Debug|Any CPU
		{9ECED213-FDB3-4CF7-8AF7-713FCBEA8E37}.Debug|Any CPU.Build.0 = Debug|Any CPU
		{9ECED213-FDB3-4CF7-8AF7-713FCBEA8E37}.Release|Any CPU.ActiveCfg = Release|Any CPU
		{9ECED213-FDB3-4CF7-8AF7-713FCBEA8E37}.Release|Any CPU.Build.0 = Release|Any CPU
		{46B1AC64-B630-4B28-845B-4EA44168B917}.Debug|Any CPU.ActiveCfg = Debug|Any CPU
		{46B1AC64-B630-4B28-845B-4EA44168B917}.Debug|Any CPU.Build.0 = Debug|Any CPU
		{46B1AC64-B630-4B28-845B-4EA44168B917}.Release|Any CPU.ActiveCfg = Release|Any CPU
		{46B1AC64-B630-4B28-845B-4EA44168B917}.Release|Any CPU.Build.0 = Release|Any CPU
	EndGlobalSection
	GlobalSection(SolutionProperties) = preSolution
		HideSolutionNode = FALSE
	EndGlobalSection
	GlobalSection(NestedProjects) = preSolution
		{6CBA2672-6BD8-4972-84A8-E24991DC225C} = {0830B151-B9AA-443C-B09C-D4C6B64F93A8}
		{DEBF1AED-3864-4ED4-9799-14E6C3E4F691} = {0830B151-B9AA-443C-B09C-D4C6B64F93A8}
		{3DF73002-DD54-4E02-ACC1-D51231D94607} = {0830B151-B9AA-443C-B09C-D4C6B64F93A8}
		{897551A8-23AC-4513-9764-3994DCAF5C8F} = {92AB7F6C-03D1-43A4-AF85-1352F8210A00}
		{2FCD6ECD-EC39-4086-882D-180EC479F9FC} = {92AB7F6C-03D1-43A4-AF85-1352F8210A00}
		{C1F1FA17-7A2E-4D5B-BDAC-489E9FA25491} = {92AB7F6C-03D1-43A4-AF85-1352F8210A00}
		{62AF1528-75BE-47A5-B306-2D405C2D72FD} = {0971803D-DF56-4B7E-939F-991899F696A7}
		{CA787105-2590-4CF2-BD3D-1C07FD0CACEF} = {0971803D-DF56-4B7E-939F-991899F696A7}
		{3625CE18-E137-4131-8D9B-1AAC9600C6C3} = {0971803D-DF56-4B7E-939F-991899F696A7}
		{8942BDD6-7702-406A-B9CE-477A4925FA0F} = {9D6BFCC1-8B3F-4973-99CF-470AEB824390}
		{24F8618B-06FD-445B-95DE-411AFE5003E5} = {9D6BFCC1-8B3F-4973-99CF-470AEB824390}
		{F2D2C65B-B1D4-4947-A807-8C21B92A7330} = {9D6BFCC1-8B3F-4973-99CF-470AEB824390}
		{22D18C28-DA55-4BE6-8D26-7B2D7FC7318A} = {C1E1F227-92D2-466C-88DB-ECC1E00BF87C}
		{7C75E014-CEB5-40DE-90D7-642B53DD1134} = {C1E1F227-92D2-466C-88DB-ECC1E00BF87C}
		{ECFD040F-2638-4457-A116-8C7F866C7183} = {C1E1F227-92D2-466C-88DB-ECC1E00BF87C}
		{B456EA9F-70D0-4CCA-986B-F0E970372521} = {4C21BD96-FFD2-45E1-A85B-24C9F644A615}
		{9ECED213-FDB3-4CF7-8AF7-713FCBEA8E37} = {4C21BD96-FFD2-45E1-A85B-24C9F644A615}
		{46B1AC64-B630-4B28-845B-4EA44168B917} = {4C21BD96-FFD2-45E1-A85B-24C9F644A615}
	EndGlobalSection
EndGlobal
