
Microsoft Visual Studio Solution File, Format Version 12.00
# Visual Studio Version 17
VisualStudioVersion = 17.12.35506.116
MinimumVisualStudioVersion = 10.0.40219.1
Project("{2150E333-8FDC-42A3-9474-1A3956D46DE8}") = "Task0", "Task0", "{0830B151-B9AA-443C-B09C-D4C6B64F93A8}"
EndProject
Project("{FAE04EC0-301F-11D3-BF4B-00C04F79EFBC}") = "Tyuiu.GubanovaSO.Sprint6.Task0.V20.Lib", "Tyuiu.GubanovaSO.Sprint6.Task0.V20.Lib\Tyuiu.GubanovaSO.Sprint6.Task0.V20.Lib.csproj", "{6CBA2672-6BD8-4972-84A8-E24991DC225C}"
EndProject
Project("{FAE04EC0-301F-11D3-BF4B-00C04F79EFBC}") = "Tyuiu.GubanovaSO.Sprint6.Task0.V20.Test", "Tyuiu.GubanovaSO.Sprint6.Task0.V20.Test\Tyuiu.GubanovaSO.Sprint6.Task0.V20.Test.csproj", "{DEBF1AED-3864-4ED4-9799-14E6C3E4F691}"
EndProject
Project("{FAE04EC0-301F-11D3-BF4B-00C04F79EFBC}") = "Tyuiu.GubanovaSO.Sprint6.Task0.V20", "Tyuiu.GubanovaSO.Sprint6.Task0.V20\Tyuiu.GubanovaSO.Sprint6.Task0.V20.csproj", "{3DF73002-DD54-4E02-ACC1-D51231D94607}"
EndProject
Project("{2150E333-8FDC-42A3-9474-1A3956D46DE8}") = "Task1", "Task1", "{92AB7F6C-03D1-43A4-AF85-1352F8210A00}"
EndProject
Project("{FAE04EC0-301F-11D3-BF4B-00C04F79EFBC}") = "Tyuiu.GubanovaSO.Sprint6.Task1.V24.Lib", "Tyuiu.GubanovaSO.Sprint6.Task1.V24.Lib\Tyuiu.GubanovaSO.Sprint6.Task1.V24.Lib.csproj", "{897551A8-23AC-4513-9764-3994DCAF5C8F}"
EndProject
Project("{FAE04EC0-301F-11D3-BF4B-00C04F79EFBC}") = "Tyuiu.GubanovaSO.Sprint6.Task1.V24.Test", "Tyuiu.GubanovaSO.Sprint6.Task1.V24.Test\Tyuiu.GubanovaSO.Sprint6.Task1.V24.Test.csproj", "{2FCD6ECD-EC39-4086-882D-180EC479F9FC}"
EndProject
Project("{FAE04EC0-301F-11D3-BF4B-00C04F79EFBC}") = "Tyuiu.GubanovaSO.Sprint6.Task1.V24", "Tyuiu.GubanovaSO.Sprint6.Task1.V24\Tyuiu.GubanovaSO.Sprint6.Task1.V24.csproj", "{C1F1FA17-7A2E-4D5B-BDAC-489E9FA25491}"
EndProject
Global
	GlobalSection(SolutionConfigurationPlatforms) = preSolution
		Debug|Any CPU = Debug|Any CPU
		Release|Any CPU = Release|Any CPU
	EndGlobalSection
	GlobalSection(ProjectConfigurationPlatforms) = postSolution
		{6CBA2672-6BD8-4972-84A8-E24991DC225C}.Debug|Any CPU.ActiveCfg = Debug|Any CPU
		{6CBA2672-6BD8-4972-84A8-E24991DC225C}.Debug|Any CPU.Build.0 = Debug|Any CPU
		{6CBA2672-6BD8-4972-84A8-E24991DC225C}.Release|Any CPU.ActiveCfg = Release|Any CPU
		{6CBA2672-6BD8-4972-84A8-E24991DC225C}.Release|Any CPU.Build.0 = Release|Any CPU
		{DEBF1AED-3864-4ED4-9799-14E6C3E4F691}.Debug|Any CPU.ActiveCfg = Debug|Any CPU
		{DEBF1AED-3864-4ED4-9799-14E6C3E4F691}.Debug|Any CPU.Build.0 = Debug|Any CPU
		{DEBF1AED-3864-4ED4-9799-14E6C3E4F691}.Release|Any CPU.ActiveCfg = Release|Any CPU
		{DEBF1AED-3864-4ED4-9799-14E6C3E4F691}.Release|Any CPU.Build.0 = Release|Any CPU
		{3DF73002-DD54-4E02-ACC1-D51231D94607}.Debug|Any CPU.ActiveCfg = Debug|Any CPU
		{3DF73002-DD54-4E02-ACC1-D51231D94607}.Debug|Any CPU.Build.0 = Debug|Any CPU
		{3DF73002-DD54-4E02-ACC1-D51231D94607}.Release|Any CPU.ActiveCfg = Release|Any CPU
		{3DF73002-DD54-4E02-ACC1-D51231D94607}.Release|Any CPU.Build.0 = Release|Any CPU
		{897551A8-23AC-4513-9764-3994DCAF5C8F}.Debug|Any CPU.ActiveCfg = Debug|Any CPU
		{897551A8-23AC-4513-9764-3994DCAF5C8F}.Debug|Any CPU.Build.0 = Debug|Any CPU
		{897551A8-23AC-4513-9764-3994DCAF5C8F}.Release|Any CPU.ActiveCfg = Release|Any CPU
		{897551A8-23AC-4513-9764-3994DCAF5C8F}.Release|Any CPU.Build.0 = Release|Any CPU
		{2FCD6ECD-EC39-4086-882D-180EC479F9FC}.Debug|Any CPU.ActiveCfg = Debug|Any CPU
		{2FCD6ECD-EC39-4086-882D-180EC479F9FC}.Debug|Any CPU.Build.0 = Debug|Any CPU
		{2FCD6ECD-EC39-4086-882D-180EC479F9FC}.Release|Any CPU.ActiveCfg = Release|Any CPU
		{2FCD6ECD-EC39-4086-882D-180EC479F9FC}.Release|Any CPU.Build.0 = Release|Any CPU
		{C1F1FA17-7A2E-4D5B-BDAC-489E9FA25491}.Debug|Any CPU.ActiveCfg = Debug|Any CPU
		{C1F1FA17-7A2E-4D5B-BDAC-489E9FA25491}.Debug|Any CPU.Build.0 = Debug|Any CPU
		{C1F1FA17-7A2E-4D5B-BDAC-489E9FA25491}.Release|Any CPU.ActiveCfg = Release|Any CPU
		{C1F1FA17-7A2E-4D5B-BDAC-489E9FA25491}.Release|Any CPU.Build.0 = Release|Any CPU
	EndGlobalSection
	GlobalSection(SolutionProperties) = preSolution
		HideSolutionNode = FALSE
	EndGlobalSection
	GlobalSection(NestedProjects) = preSolution
		{6CBA2672-6BD8-4972-84A8-E24991DC225C} = {0830B151-B9AA-443C-B09C-D4C6B64F93A8}
		{DEBF1AED-3864-4ED4-9799-14E6C3E4F691} = {0830B151-B9AA-443C-B09C-D4C6B64F93A8}
		{3DF73002-DD54-4E02-ACC1-D51231D94607} = {0830B151-B9AA-443C-B09C-D4C6B64F93A8}
		{897551A8-23AC-4513-9764-3994DCAF5C8F} = {92AB7F6C-03D1-43A4-AF85-1352F8210A00}
		{2FCD6ECD-EC39-4086-882D-180EC479F9FC} = {92AB7F6C-03D1-43A4-AF85-1352F8210A00}
		{C1F1FA17-7A2E-4D5B-BDAC-489E9FA25491} = {92AB7F6C-03D1-43A4-AF85-1352F8210A00}
	EndGlobalSection
EndGlobal
